
Microsoft Visual Studio Solution File, Format Version 12.00
# Visual Studio Version 17
VisualStudioVersion = 17.4.33122.133
MinimumVisualStudioVersion = 10.0.40219.1
Project("{2150E333-8FDC-42A3-9474-1A3956D46DE8}") = "01.Comm", "01.Comm", "{24357610-A287-494D-83A8-CDF69D8A66EC}"
EndProject
Project("{2150E333-8FDC-42A3-9474-1A3956D46DE8}") = "02.Server", "02.Server", "{EFA4C0ED-7BA8-4601-B91E-30D4E3B7E3D8}"
EndProject
Project("{2150E333-8FDC-42A3-9474-1A3956D46DE8}") = "03.Client", "03.Client", "{24F898E2-2188-47B4-B9E7-AF7978E05C22}"
EndProject
Project("{2150E333-8FDC-42A3-9474-1A3956D46DE8}") = "09.Test", "09.Test", "{A7491C5C-247A-4CE8-BD48-E17B1E2DA22E}"
EndProject
Project("{9A19103F-16F7-4668-BE54-9A1E7A4F7556}") = "Util", "Util\Util.csproj", "{6CE4FFF2-A75D-4CC2-AFC5-E3897537634E}"
EndProject
Project("{9A19103F-16F7-4668-BE54-9A1E7A4F7556}") = "Dto", "Dto\Dto.csproj", "{D53114A9-52A0-4AAC-AD4F-0D881FCA2BC0}"
EndProject
Project("{2150E333-8FDC-42A3-9474-1A3956D46DE8}") = "01.Data", "01.Data", "{21128185-AF0A-4F1E-8FA5-3FF5BB80F025}"
EndProject
Project("{9A19103F-16F7-4668-BE54-9A1E7A4F7556}") = "MyDBEntity", "MyDbEntity\MyDBEntity.csproj", "{6F4480D0-2633-4B66-8BEA-49DFFFF2C812}"
EndProject
Project("{2150E333-8FDC-42A3-9474-1A3956D46DE8}") = "03.Bll", "03.Bll", "{9247BC56-2445-4F9E-89DF-44377055FA65}"
EndProject
Project("{9A19103F-16F7-4668-BE54-9A1E7A4F7556}") = "Cache", "Cache\Cache.csproj", "{8AF945D3-7634-4518-B712-0FAA591F23C1}"
EndProject
Project("{9A19103F-16F7-4668-BE54-9A1E7A4F7556}") = "BasicLibrary", "BasicLibrary\BasicLibrary.csproj", "{DDCDAFD4-711C-429B-A555-B008984E5032}"
EndProject
Project("{2150E333-8FDC-42A3-9474-1A3956D46DE8}") = "06.Externaln", "06.Externaln", "{C08D5462-4FAE-4F53-AC1F-8EF918C5B189}"
EndProject
Project("{9A19103F-16F7-4668-BE54-9A1E7A4F7556}") = "ApiServer", "ApiServer\ApiServer.csproj", "{8D697D24-5516-4DED-96B6-2945137E662D}"
EndProject
Project("{2150E333-8FDC-42A3-9474-1A3956D46DE8}") = "02.DataExtend", "02.DataExtend", "{59D25E3E-8FF2-48F0-8EC8-C32372C73895}"
EndProject
Project("{9A19103F-16F7-4668-BE54-9A1E7A4F7556}") = "MyDBExtend", "MyDBExtend\MyDBExtend.csproj", "{16896968-C34A-47E3-950C-A1865AF33422}"
EndProject
Project("{9A19103F-16F7-4668-BE54-9A1E7A4F7556}") = "Auth", "Auth\Auth.csproj", "{DCD11401-A38F-4219-A307-C600D478AE13}"
EndProject
Project("{2150E333-8FDC-42A3-9474-1A3956D46DE8}") = "08.Tool", "08.Tool", "{302F7D1D-69CE-446B-BA63-A980FC508DDC}"
EndProject
Project("{9A19103F-16F7-4668-BE54-9A1E7A4F7556}") = "WpfUtil", "WpfUtil\WpfUtil.csproj", "{2615B1DC-2060-42E4-AB31-69A92B2B66D6}"
EndProject
Global
	GlobalSection(SolutionConfigurationPlatforms) = preSolution
		Debug|Any CPU = Debug|Any CPU
		Release|Any CPU = Release|Any CPU
	EndGlobalSection
	GlobalSection(ProjectConfigurationPlatforms) = postSolution
		{6CE4FFF2-A75D-4CC2-AFC5-E3897537634E}.Debug|Any CPU.ActiveCfg = Debug|Any CPU
		{6CE4FFF2-A75D-4CC2-AFC5-E3897537634E}.Debug|Any CPU.Build.0 = Debug|Any CPU
		{6CE4FFF2-A75D-4CC2-AFC5-E3897537634E}.Release|Any CPU.ActiveCfg = Release|Any CPU
		{6CE4FFF2-A75D-4CC2-AFC5-E3897537634E}.Release|Any CPU.Build.0 = Release|Any CPU
		{D53114A9-52A0-4AAC-AD4F-0D881FCA2BC0}.Debug|Any CPU.ActiveCfg = Debug|Any CPU
		{D53114A9-52A0-4AAC-AD4F-0D881FCA2BC0}.Debug|Any CPU.Build.0 = Debug|Any CPU
		{D53114A9-52A0-4AAC-AD4F-0D881FCA2BC0}.Release|Any CPU.ActiveCfg = Release|Any CPU
		{D53114A9-52A0-4AAC-AD4F-0D881FCA2BC0}.Release|Any CPU.Build.0 = Release|Any CPU
		{6F4480D0-2633-4B66-8BEA-49DFFFF2C812}.Debug|Any CPU.ActiveCfg = Debug|Any CPU
		{6F4480D0-2633-4B66-8BEA-49DFFFF2C812}.Debug|Any CPU.Build.0 = Debug|Any CPU
		{6F4480D0-2633-4B66-8BEA-49DFFFF2C812}.Release|Any CPU.ActiveCfg = Release|Any CPU
		{6F4480D0-2633-4B66-8BEA-49DFFFF2C812}.Release|Any CPU.Build.0 = Release|Any CPU
		{8AF945D3-7634-4518-B712-0FAA591F23C1}.Debug|Any CPU.ActiveCfg = Debug|Any CPU
		{8AF945D3-7634-4518-B712-0FAA591F23C1}.Debug|Any CPU.Build.0 = Debug|Any CPU
		{8AF945D3-7634-4518-B712-0FAA591F23C1}.Release|Any CPU.ActiveCfg = Release|Any CPU
		{8AF945D3-7634-4518-B712-0FAA591F23C1}.Release|Any CPU.Build.0 = Release|Any CPU
		{DDCDAFD4-711C-429B-A555-B008984E5032}.Debug|Any CPU.ActiveCfg = Debug|Any CPU
		{DDCDAFD4-711C-429B-A555-B008984E5032}.Debug|Any CPU.Build.0 = Debug|Any CPU
		{DDCDAFD4-711C-429B-A555-B008984E5032}.Release|Any CPU.ActiveCfg = Release|Any CPU
		{DDCDAFD4-711C-429B-A555-B008984E5032}.Release|Any CPU.Build.0 = Release|Any CPU
		{8D697D24-5516-4DED-96B6-2945137E662D}.Debug|Any CPU.ActiveCfg = Debug|Any CPU
		{8D697D24-5516-4DED-96B6-2945137E662D}.Debug|Any CPU.Build.0 = Debug|Any CPU
		{8D697D24-5516-4DED-96B6-2945137E662D}.Release|Any CPU.ActiveCfg = Release|Any CPU
		{8D697D24-5516-4DED-96B6-2945137E662D}.Release|Any CPU.Build.0 = Release|Any CPU
		{16896968-C34A-47E3-950C-A1865AF33422}.Debug|Any CPU.ActiveCfg = Debug|Any CPU
		{16896968-C34A-47E3-950C-A1865AF33422}.Debug|Any CPU.Build.0 = Debug|Any CPU
		{16896968-C34A-47E3-950C-A1865AF33422}.Release|Any CPU.ActiveCfg = Release|Any CPU
		{16896968-C34A-47E3-950C-A1865AF33422}.Release|Any CPU.Build.0 = Release|Any CPU
		{DCD11401-A38F-4219-A307-C600D478AE13}.Debug|Any CPU.ActiveCfg = Debug|Any CPU
		{DCD11401-A38F-4219-A307-C600D478AE13}.Debug|Any CPU.Build.0 = Debug|Any CPU
		{DCD11401-A38F-4219-A307-C600D478AE13}.Release|Any CPU.ActiveCfg = Release|Any CPU
		{DCD11401-A38F-4219-A307-C600D478AE13}.Release|Any CPU.Build.0 = Release|Any CPU
		{2615B1DC-2060-42E4-AB31-69A92B2B66D6}.Debug|Any CPU.ActiveCfg = Debug|Any CPU
		{2615B1DC-2060-42E4-AB31-69A92B2B66D6}.Debug|Any CPU.Build.0 = Debug|Any CPU
		{2615B1DC-2060-42E4-AB31-69A92B2B66D6}.Release|Any CPU.ActiveCfg = Release|Any CPU
		{2615B1DC-2060-42E4-AB31-69A92B2B66D6}.Release|Any CPU.Build.0 = Release|Any CPU
	EndGlobalSection
	GlobalSection(SolutionProperties) = preSolution
		HideSolutionNode = FALSE
	EndGlobalSection
	GlobalSection(NestedProjects) = preSolution
		{6CE4FFF2-A75D-4CC2-AFC5-E3897537634E} = {24357610-A287-494D-83A8-CDF69D8A66EC}
		{D53114A9-52A0-4AAC-AD4F-0D881FCA2BC0} = {24357610-A287-494D-83A8-CDF69D8A66EC}
		{21128185-AF0A-4F1E-8FA5-3FF5BB80F025} = {EFA4C0ED-7BA8-4601-B91E-30D4E3B7E3D8}
		{6F4480D0-2633-4B66-8BEA-49DFFFF2C812} = {21128185-AF0A-4F1E-8FA5-3FF5BB80F025}
		{9247BC56-2445-4F9E-89DF-44377055FA65} = {EFA4C0ED-7BA8-4601-B91E-30D4E3B7E3D8}
		{8AF945D3-7634-4518-B712-0FAA591F23C1} = {9247BC56-2445-4F9E-89DF-44377055FA65}
		{DDCDAFD4-711C-429B-A555-B008984E5032} = {9247BC56-2445-4F9E-89DF-44377055FA65}
		{C08D5462-4FAE-4F53-AC1F-8EF918C5B189} = {EFA4C0ED-7BA8-4601-B91E-30D4E3B7E3D8}
		{8D697D24-5516-4DED-96B6-2945137E662D} = {C08D5462-4FAE-4F53-AC1F-8EF918C5B189}
		{59D25E3E-8FF2-48F0-8EC8-C32372C73895} = {EFA4C0ED-7BA8-4601-B91E-30D4E3B7E3D8}
		{16896968-C34A-47E3-950C-A1865AF33422} = {59D25E3E-8FF2-48F0-8EC8-C32372C73895}
		{DCD11401-A38F-4219-A307-C600D478AE13} = {9247BC56-2445-4F9E-89DF-44377055FA65}
		{2615B1DC-2060-42E4-AB31-69A92B2B66D6} = {24F898E2-2188-47B4-B9E7-AF7978E05C22}
	EndGlobalSection
	GlobalSection(ExtensibilityGlobals) = postSolution
		SolutionGuid = {BD26F216-7DB6-40BB-AFAB-8A045510B9BB}
	EndGlobalSection
EndGlobal
